<?xml version="1.0" encoding="utf-8"?>
<Project ToolsVersion="4.0" xmlns="http://schemas.microsoft.com/developer/msbuild/2003">
  <ItemGroup>
    <Filter Include="src">
      <UniqueIdentifier>{2DAB880B-99B4-887C-2230-9F7C8E38947C}</UniqueIdentifier>
    </Filter>
    <Filter Include="src\LSEngine">
      <UniqueIdentifier>{71F5CE6D-5D58-5E12-06DE-96C8F21F2A95}</UniqueIdentifier>
    </Filter>
    <Filter Include="src\LSEngine\Core">
      <UniqueIdentifier>{692880C9-D53E-7E5F-1EB6-09818A0B4FE7}</UniqueIdentifier>
    </Filter>
    <Filter Include="src\LSEngine\Core\Camera">
      <UniqueIdentifier>{C10C170F-AD31-668F-D67C-4B1FC20065AD}</UniqueIdentifier>
    </Filter>
    <Filter Include="src\LSEngine\Events">
      <UniqueIdentifier>{35F84D2F-A159-2B3D-2AC7-71EF962762FC}</UniqueIdentifier>
    </Filter>
    <Filter Include="src\LSEngine\ImGui">
      <UniqueIdentifier>{5BFBEFF9-47DF-B04F-B03F-ABA29C429BD1}</UniqueIdentifier>
    </Filter>
    <Filter Include="src\LSEngine\Renderer">
      <UniqueIdentifier>{37E8A731-A354-632C-6C48-FB89D8738594}</UniqueIdentifier>
    </Filter>
    <Filter Include="src\Platform">
      <UniqueIdentifier>{21CA02E5-0D2D-9289-B6B2-CA3FA2F45D0C}</UniqueIdentifier>
    </Filter>
    <Filter Include="src\Platform\OpenGL">
      <UniqueIdentifier>{35A49437-A105-7245-2A73-B8F796D3A804}</UniqueIdentifier>
    </Filter>
    <Filter Include="src\Platform\Windows">
      <UniqueIdentifier>{5B054582-4794-CE4B-F0B2-E246DC20DFF1}</UniqueIdentifier>
    </Filter>
    <Filter Include="vendor">
      <UniqueIdentifier>{B3738122-9F15-ACF8-88D0-BF4C74113349}</UniqueIdentifier>
    </Filter>
    <Filter Include="vendor\stb">
      <UniqueIdentifier>{8BD3C5A8-778B-07F6-E092-E051CC69A2E6}</UniqueIdentifier>
    </Filter>
  </ItemGroup>
  <ItemGroup>
    <ClInclude Include="src\LSEngine.h">
      <Filter>src</Filter>
    </ClInclude>
    <ClInclude Include="src\LSEngine\Core\Application.h">
      <Filter>src\LSEngine\Core</Filter>
    </ClInclude>
    <ClInclude Include="src\LSEngine\Core\Camera\Camera.h">
      <Filter>src\LSEngine\Core\Camera</Filter>
    </ClInclude>
    <ClInclude Include="src\LSEngine\Core\Camera\OrthographicCamera.h">
      <Filter>src\LSEngine\Core\Camera</Filter>
    </ClInclude>
    <ClInclude Include="src\LSEngine\Core\Camera\PerspectiveCamera.h">
      <Filter>src\LSEngine\Core\Camera</Filter>
    </ClInclude>
    <ClInclude Include="src\LSEngine\Core\Core.h">
      <Filter>src\LSEngine\Core</Filter>
    </ClInclude>
    <ClInclude Include="src\LSEngine\Core\EntryPoint.h">
      <Filter>src\LSEngine\Core</Filter>
    </ClInclude>
    <ClInclude Include="src\LSEngine\Core\IOUtils.h">
      <Filter>src\LSEngine\Core</Filter>
    </ClInclude>
    <ClInclude Include="src\LSEngine\Core\Input.h">
      <Filter>src\LSEngine\Core</Filter>
    </ClInclude>
    <ClInclude Include="src\LSEngine\Core\KeyMouseCodes.h">
      <Filter>src\LSEngine\Core</Filter>
    </ClInclude>
    <ClInclude Include="src\LSEngine\Core\Layer.h">
      <Filter>src\LSEngine\Core</Filter>
    </ClInclude>
    <ClInclude Include="src\LSEngine\Core\LayerStack.h">
      <Filter>src\LSEngine\Core</Filter>
    </ClInclude>
    <ClInclude Include="src\LSEngine\Core\Log.h">
      <Filter>src\LSEngine\Core</Filter>
    </ClInclude>
    <ClInclude Include="src\LSEngine\Core\Timer.h">
      <Filter>src\LSEngine\Core</Filter>
    </ClInclude>
    <ClInclude Include="src\LSEngine\Core\Window.h">
      <Filter>src\LSEngine\Core</Filter>
    </ClInclude>
    <ClInclude Include="src\LSEngine\Events\ApplicationEvent.h">
      <Filter>src\LSEngine\Events</Filter>
    </ClInclude>
    <ClInclude Include="src\LSEngine\Events\Event.h">
      <Filter>src\LSEngine\Events</Filter>
    </ClInclude>
    <ClInclude Include="src\LSEngine\Events\KeyEvent.h">
      <Filter>src\LSEngine\Events</Filter>
    </ClInclude>
    <ClInclude Include="src\LSEngine\Events\MouseEvent.h">
      <Filter>src\LSEngine\Events</Filter>
    </ClInclude>
    <ClInclude Include="src\LSEngine\ImGui\ImGuiLayer.h">
      <Filter>src\LSEngine\ImGui</Filter>
    </ClInclude>
    <ClInclude Include="src\LSEngine\Renderer\Buffer.h">
      <Filter>src\LSEngine\Renderer</Filter>
    </ClInclude>
    <ClInclude Include="src\LSEngine\Renderer\GraphicsContext.h">
      <Filter>src\LSEngine\Renderer</Filter>
    </ClInclude>
    <ClInclude Include="src\LSEngine\Renderer\Meshfactory.h">
      <Filter>src\LSEngine\Renderer</Filter>
    </ClInclude>
    <ClInclude Include="src\LSEngine\Renderer\RenderCommand.h">
      <Filter>src\LSEngine\Renderer</Filter>
    </ClInclude>
    <ClInclude Include="src\LSEngine\Renderer\Renderer.h">
      <Filter>src\LSEngine\Renderer</Filter>
    </ClInclude>
    <ClInclude Include="src\LSEngine\Renderer\RendererAPI.h">
      <Filter>src\LSEngine\Renderer</Filter>
    </ClInclude>
    <ClInclude Include="src\LSEngine\Renderer\Shader.h">
      <Filter>src\LSEngine\Renderer</Filter>
    </ClInclude>
    <ClInclude Include="src\LSEngine\Renderer\Texture.h">
      <Filter>src\LSEngine\Renderer</Filter>
    </ClInclude>
    <ClInclude Include="src\LSEngine\Renderer\VertexArray.h">
      <Filter>src\LSEngine\Renderer</Filter>
    </ClInclude>
    <ClInclude Include="src\Platform\OpenGL\OpenGLBuffer.h">
      <Filter>src\Platform\OpenGL</Filter>
    </ClInclude>
    <ClInclude Include="src\Platform\OpenGL\OpenGLContext.h">
      <Filter>src\Platform\OpenGL</Filter>
    </ClInclude>
    <ClInclude Include="src\Platform\OpenGL\OpenGLRendererAPI.h">
      <Filter>src\Platform\OpenGL</Filter>
    </ClInclude>
    <ClInclude Include="src\Platform\OpenGL\OpenGLShader.h">
      <Filter>src\Platform\OpenGL</Filter>
    </ClInclude>
    <ClInclude Include="src\Platform\OpenGL\OpenGLTexture.h">
      <Filter>src\Platform\OpenGL</Filter>
    </ClInclude>
    <ClInclude Include="src\Platform\OpenGL\OpenGLVertexArray.h">
      <Filter>src\Platform\OpenGL</Filter>
    </ClInclude>
    <ClInclude Include="src\Platform\Windows\WindowsInput.h">
      <Filter>src\Platform\Windows</Filter>
    </ClInclude>
    <ClInclude Include="src\Platform\Windows\WindowsTimer.h">
      <Filter>src\Platform\Windows</Filter>
    </ClInclude>
    <ClInclude Include="src\Platform\Windows\WindowsWindow.h">
      <Filter>src\Platform\Windows</Filter>
    </ClInclude>
    <ClInclude Include="src\lsepch.h">
      <Filter>src</Filter>
    </ClInclude>
    <ClInclude Include="src\LSEngine\Renderer\Mesh.h" />
    <ClInclude Include="src\LSEngine\Renderer\BufferLayout.h" />
    <ClInclude Include="src\LSEngine\Core\Camera\PerspectiveCameraController.h" />
    <ClInclude Include="src\LSEngine\Maths\Vector.h" />
    <ClInclude Include="src\LSEngine\Renderer\Material.h" />
    <ClInclude Include="src\LSEngine\Renderer\Model.h" />
    <ClInclude Include="src\LSEngine\Utils\Misc.h" />
  </ItemGroup>
  <ItemGroup>
    <ClCompile Include="src\LSEngine\Core\Application.cpp">
      <Filter>src\LSEngine\Core</Filter>
    </ClCompile>
    <ClCompile Include="src\LSEngine\Core\Camera\OrthographicCamera.cpp">
      <Filter>src\LSEngine\Core\Camera</Filter>
    </ClCompile>
    <ClCompile Include="src\LSEngine\Core\Camera\PerspectiveCamera.cpp">
      <Filter>src\LSEngine\Core\Camera</Filter>
    </ClCompile>
    <ClCompile Include="src\LSEngine\Core\IOUtils.cpp">
      <Filter>src\LSEngine\Core</Filter>
    </ClCompile>
    <ClCompile Include="src\LSEngine\Core\Layer.cpp">
      <Filter>src\LSEngine\Core</Filter>
    </ClCompile>
    <ClCompile Include="src\LSEngine\Core\LayerStack.cpp">
      <Filter>src\LSEngine\Core</Filter>
    </ClCompile>
    <ClCompile Include="src\LSEngine\Core\Log.cpp">
      <Filter>src\LSEngine\Core</Filter>
    </ClCompile>
    <ClCompile Include="src\LSEngine\Core\Window.cpp">
      <Filter>src\LSEngine\Core</Filter>
    </ClCompile>
    <ClCompile Include="src\LSEngine\ImGui\ImGuiBuild.cpp">
      <Filter>src\LSEngine\ImGui</Filter>
    </ClCompile>
    <ClCompile Include="src\LSEngine\ImGui\ImGuiLayer.cpp">
      <Filter>src\LSEngine\ImGui</Filter>
    </ClCompile>
    <ClCompile Include="src\LSEngine\Renderer\Buffer.cpp">
      <Filter>src\LSEngine\Renderer</Filter>
    </ClCompile>
    <ClCompile Include="src\LSEngine\Renderer\Meshfactory.cpp">
      <Filter>src\LSEngine\Renderer</Filter>
    </ClCompile>
    <ClCompile Include="src\LSEngine\Renderer\RenderCommand.cpp">
      <Filter>src\LSEngine\Renderer</Filter>
    </ClCompile>
    <ClCompile Include="src\LSEngine\Renderer\Renderer.cpp">
      <Filter>src\LSEngine\Renderer</Filter>
    </ClCompile>
    <ClCompile Include="src\LSEngine\Renderer\RendererAPI.cpp">
      <Filter>src\LSEngine\Renderer</Filter>
    </ClCompile>
    <ClCompile Include="src\LSEngine\Renderer\Shader.cpp">
      <Filter>src\LSEngine\Renderer</Filter>
    </ClCompile>
    <ClCompile Include="src\LSEngine\Renderer\Texture.cpp">
      <Filter>src\LSEngine\Renderer</Filter>
    </ClCompile>
    <ClCompile Include="src\LSEngine\Renderer\VertexArray.cpp">
      <Filter>src\LSEngine\Renderer</Filter>
    </ClCompile>
    <ClCompile Include="src\Platform\OpenGL\OpenGLBuffer.cpp">
      <Filter>src\Platform\OpenGL</Filter>
    </ClCompile>
    <ClCompile Include="src\Platform\OpenGL\OpenGLContext.cpp">
      <Filter>src\Platform\OpenGL</Filter>
    </ClCompile>
    <ClCompile Include="src\Platform\OpenGL\OpenGLRendererAPI.cpp">
      <Filter>src\Platform\OpenGL</Filter>
    </ClCompile>
    <ClCompile Include="src\Platform\OpenGL\OpenGLShader.cpp">
      <Filter>src\Platform\OpenGL</Filter>
    </ClCompile>
    <ClCompile Include="src\Platform\OpenGL\OpenGLTexture.cpp">
      <Filter>src\Platform\OpenGL</Filter>
    </ClCompile>
    <ClCompile Include="src\Platform\OpenGL\OpenGLVertexArray.cpp">
      <Filter>src\Platform\OpenGL</Filter>
    </ClCompile>
    <ClCompile Include="src\Platform\Windows\WindowProc.cpp">
      <Filter>src\Platform\Windows</Filter>
    </ClCompile>
    <ClCompile Include="src\Platform\Windows\WindowsInput.cpp">
      <Filter>src\Platform\Windows</Filter>
    </ClCompile>
    <ClCompile Include="src\Platform\Windows\WindowsTimer.cpp">
      <Filter>src\Platform\Windows</Filter>
    </ClCompile>
    <ClCompile Include="src\Platform\Windows\WindowsWindow.cpp">
      <Filter>src\Platform\Windows</Filter>
    </ClCompile>
    <ClCompile Include="src\lsepch.cpp">
      <Filter>src</Filter>
    </ClCompile>
    <ClCompile Include="vendor\stb\stb_image.cpp">
      <Filter>vendor\stb</Filter>
    </ClCompile>
    <ClCompile Include="src\LSEngine\Core\Camera\PerspectiveCameraController.cpp" />
    <ClCompile Include="src\LSEngine\Renderer\Material.cpp" />
    <ClCompile Include="src\LSEngine\Renderer\Model.cpp" />
    <ClCompile Include="src\LSEngine\Renderer\Mesh.cpp" />
  </ItemGroup>
</Project>