<?xml version="1.0" encoding="utf-8"?>
<Project ToolsVersion="4.0" xmlns="http://schemas.microsoft.com/developer/msbuild/2003">
  <ItemGroup>
    <Filter Include="LSEngine">
      <UniqueIdentifier>{7AF2543D-66BF-AF48-8FD8-9DF07B04E5D6}</UniqueIdentifier>
    </Filter>
    <Filter Include="LSEngine\Events">
      <UniqueIdentifier>{1ED1E514-8A5C-53D9-936D-D6CDFF77AFD9}</UniqueIdentifier>
    </Filter>
    <Filter Include="LSEngine\ImGui">
      <UniqueIdentifier>{24DB0B9C-10A9-FFA1-F93C-70C8E5A9DB06}</UniqueIdentifier>
    </Filter>
    <Filter Include="LSEngine\Renderer">
      <UniqueIdentifier>{609F99DC-CCB5-9772-152D-2394818268FA}</UniqueIdentifier>
    </Filter>
    <Filter Include="LSEngine\Renderer\Camera">
      <UniqueIdentifier>{D827B4D7-C44C-0358-ED97-E8E7D91B0276}</UniqueIdentifier>
    </Filter>
    <Filter Include="Platform">
      <UniqueIdentifier>{2AC788B4-1694-E3BF-3FAD-D1672BD9184E}</UniqueIdentifier>
    </Filter>
    <Filter Include="Platform\OpenGL">
      <UniqueIdentifier>{1E7D2C1D-8A08-9AE1-9319-1DD6FF23F6E1}</UniqueIdentifier>
    </Filter>
    <Filter Include="Platform\Windows">
      <UniqueIdentifier>{64FBD71A-50F4-F66C-7926-DCF1657ED678}</UniqueIdentifier>
    </Filter>
  </ItemGroup>
  <ItemGroup>
    <ClInclude Include="src\LSEngine.h" />
    <ClInclude Include="src\LSEngine\Events\ApplicationEvent.h">
      <Filter>LSEngine\Events</Filter>
    </ClInclude>
    <ClInclude Include="src\LSEngine\Events\Event.h">
      <Filter>LSEngine\Events</Filter>
    </ClInclude>
    <ClInclude Include="src\LSEngine\Events\KeyEvent.h">
      <Filter>LSEngine\Events</Filter>
    </ClInclude>
    <ClInclude Include="src\LSEngine\Events\MouseEvent.h">
      <Filter>LSEngine\Events</Filter>
    </ClInclude>
    <ClInclude Include="src\LSEngine\ImGui\ImGuiLayer.h">
      <Filter>LSEngine\ImGui</Filter>
    </ClInclude>
    <ClInclude Include="src\LSEngine\Renderer\Buffer.h">
      <Filter>LSEngine\Renderer</Filter>
    </ClInclude>
    <ClInclude Include="src\LSEngine\Renderer\GraphicsContext.h">
      <Filter>LSEngine\Renderer</Filter>
    </ClInclude>
    <ClInclude Include="src\LSEngine\Renderer\Meshfactory.h">
      <Filter>LSEngine\Renderer</Filter>
    </ClInclude>
    <ClInclude Include="src\LSEngine\Renderer\RenderCommand.h">
      <Filter>LSEngine\Renderer</Filter>
    </ClInclude>
    <ClInclude Include="src\LSEngine\Renderer\Renderer.h">
      <Filter>LSEngine\Renderer</Filter>
    </ClInclude>
    <ClInclude Include="src\LSEngine\Renderer\RendererAPI.h">
      <Filter>LSEngine\Renderer</Filter>
    </ClInclude>
    <ClInclude Include="src\LSEngine\Renderer\Shader.h">
      <Filter>LSEngine\Renderer</Filter>
    </ClInclude>
    <ClInclude Include="src\LSEngine\Renderer\VertexArray.h">
      <Filter>LSEngine\Renderer</Filter>
    </ClInclude>
    <ClInclude Include="src\Platform\OpenGL\OpenGLBuffer.h">
      <Filter>Platform\OpenGL</Filter>
    </ClInclude>
    <ClInclude Include="src\Platform\OpenGL\OpenGLContext.h">
      <Filter>Platform\OpenGL</Filter>
    </ClInclude>
    <ClInclude Include="src\Platform\OpenGL\OpenGLRendererAPI.h">
      <Filter>Platform\OpenGL</Filter>
    </ClInclude>
    <ClInclude Include="src\Platform\OpenGL\OpenGLShader.h">
      <Filter>Platform\OpenGL</Filter>
    </ClInclude>
    <ClInclude Include="src\Platform\OpenGL\OpenGLVertexArray.h">
      <Filter>Platform\OpenGL</Filter>
    </ClInclude>
    <ClInclude Include="src\Platform\Windows\WindowsInput.h">
      <Filter>Platform\Windows</Filter>
    </ClInclude>
    <ClInclude Include="src\Platform\Windows\WindowsTimer.h">
      <Filter>Platform\Windows</Filter>
    </ClInclude>
    <ClInclude Include="src\Platform\Windows\WindowsWindow.h">
      <Filter>Platform\Windows</Filter>
    </ClInclude>
    <ClInclude Include="src\lsepch.h" />
    <ClInclude Include="src\LSEngine\Core\Application.h">
      <Filter>LSEngine</Filter>
    </ClInclude>
    <ClInclude Include="src\LSEngine\Core\Core.h">
      <Filter>LSEngine</Filter>
    </ClInclude>
    <ClInclude Include="src\LSEngine\Core\EntryPoint.h">
      <Filter>LSEngine</Filter>
    </ClInclude>
    <ClInclude Include="src\LSEngine\Core\Input.h">
      <Filter>LSEngine</Filter>
    </ClInclude>
    <ClInclude Include="src\LSEngine\Core\IOUtils.h">
      <Filter>LSEngine</Filter>
    </ClInclude>
    <ClInclude Include="src\LSEngine\Core\KeyMouseCodes.h">
      <Filter>LSEngine</Filter>
    </ClInclude>
    <ClInclude Include="src\LSEngine\Core\Layer.h">
      <Filter>LSEngine</Filter>
    </ClInclude>
    <ClInclude Include="src\LSEngine\Core\LayerStack.h">
      <Filter>LSEngine</Filter>
    </ClInclude>
    <ClInclude Include="src\LSEngine\Core\Log.h">
      <Filter>LSEngine</Filter>
    </ClInclude>
    <ClInclude Include="src\LSEngine\Core\Timer.h">
      <Filter>LSEngine</Filter>
    </ClInclude>
    <ClInclude Include="src\LSEngine\Core\Window.h">
      <Filter>LSEngine</Filter>
    </ClInclude>
    <ClInclude Include="src\LSEngine\Core\Camera\Camera.h">
      <Filter>LSEngine\Renderer\Camera</Filter>
    </ClInclude>
    <ClInclude Include="src\LSEngine\Core\Camera\OrthographicCamera.h">
      <Filter>LSEngine\Renderer\Camera</Filter>
    </ClInclude>
    <ClInclude Include="src\LSEngine\Core\Camera\PerspectiveCamera.h">
      <Filter>LSEngine\Renderer\Camera</Filter>
    </ClInclude>
  </ItemGroup>
  <ItemGroup>
    <ClCompile Include="src\LSEngine\ImGui\ImGuiBuild.cpp">
      <Filter>LSEngine\ImGui</Filter>
    </ClCompile>
    <ClCompile Include="src\LSEngine\ImGui\ImGuiLayer.cpp">
      <Filter>LSEngine\ImGui</Filter>
    </ClCompile>
    <ClCompile Include="src\LSEngine\Renderer\Buffer.cpp">
      <Filter>LSEngine\Renderer</Filter>
    </ClCompile>
    <ClCompile Include="src\LSEngine\Renderer\Meshfactory.cpp">
      <Filter>LSEngine\Renderer</Filter>
    </ClCompile>
    <ClCompile Include="src\LSEngine\Renderer\RenderCommand.cpp">
      <Filter>LSEngine\Renderer</Filter>
    </ClCompile>
    <ClCompile Include="src\LSEngine\Renderer\Renderer.cpp">
      <Filter>LSEngine\Renderer</Filter>
    </ClCompile>
    <ClCompile Include="src\LSEngine\Renderer\RendererAPI.cpp">
      <Filter>LSEngine\Renderer</Filter>
    </ClCompile>
    <ClCompile Include="src\LSEngine\Renderer\Shader.cpp">
      <Filter>LSEngine\Renderer</Filter>
    </ClCompile>
    <ClCompile Include="src\LSEngine\Renderer\VertexArray.cpp">
      <Filter>LSEngine\Renderer</Filter>
    </ClCompile>
    <ClCompile Include="src\Platform\OpenGL\OpenGLBuffer.cpp">
      <Filter>Platform\OpenGL</Filter>
    </ClCompile>
    <ClCompile Include="src\Platform\OpenGL\OpenGLContext.cpp">
      <Filter>Platform\OpenGL</Filter>
    </ClCompile>
    <ClCompile Include="src\Platform\OpenGL\OpenGLRendererAPI.cpp">
      <Filter>Platform\OpenGL</Filter>
    </ClCompile>
    <ClCompile Include="src\Platform\OpenGL\OpenGLShader.cpp">
      <Filter>Platform\OpenGL</Filter>
    </ClCompile>
    <ClCompile Include="src\Platform\OpenGL\OpenGLVertexArray.cpp">
      <Filter>Platform\OpenGL</Filter>
    </ClCompile>
    <ClCompile Include="src\Platform\Windows\WindowsInput.cpp">
      <Filter>Platform\Windows</Filter>
    </ClCompile>
    <ClCompile Include="src\Platform\Windows\WindowsTimer.cpp">
      <Filter>Platform\Windows</Filter>
    </ClCompile>
    <ClCompile Include="src\Platform\Windows\WindowsWindow.cpp">
      <Filter>Platform\Windows</Filter>
    </ClCompile>
    <ClCompile Include="src\lsepch.cpp" />
    <ClCompile Include="src\LSEngine\Core\Application.cpp">
      <Filter>LSEngine</Filter>
    </ClCompile>
    <ClCompile Include="src\LSEngine\Core\IOUtils.cpp">
      <Filter>LSEngine</Filter>
    </ClCompile>
    <ClCompile Include="src\LSEngine\Core\Layer.cpp">
      <Filter>LSEngine</Filter>
    </ClCompile>
    <ClCompile Include="src\LSEngine\Core\LayerStack.cpp">
      <Filter>LSEngine</Filter>
    </ClCompile>
    <ClCompile Include="src\LSEngine\Core\Log.cpp">
      <Filter>LSEngine</Filter>
    </ClCompile>
    <ClCompile Include="src\LSEngine\Core\Window.cpp">
      <Filter>LSEngine</Filter>
    </ClCompile>
    <ClCompile Include="src\LSEngine\Core\Camera\Camera.cpp">
      <Filter>LSEngine\Renderer\Camera</Filter>
    </ClCompile>
    <ClCompile Include="src\LSEngine\Core\Camera\OrthographicCamera.cpp">
      <Filter>LSEngine\Renderer\Camera</Filter>
    </ClCompile>
    <ClCompile Include="src\LSEngine\Core\Camera\PerspectiveCamera.cpp">
      <Filter>LSEngine\Renderer\Camera</Filter>
    </ClCompile>
  </ItemGroup>
</Project>